<Solution>
  <Folder Name="/Week1/" />
  <Folder Name="/Week1/Prac A/">
    <Project Path="Week1/Prac A/IntroTopic/IntroTopic.csproj" />
    <Project Path="Week1/Prac A/PayrollCalculator/PayrollCalculator.csproj" />
  </Folder>
  <Folder Name="/Week1/Prac B/">
    <Project Path="Week1/Prac B/TodoApp.Tests/TodoApp.Tests.csproj" />
    <Project Path="Week1/Prac B/TodoApp/TodoApp.csproj" />
  </Folder>
  <Folder Name="/Week2/" />
  <Folder Name="/Week2/Prac A/">
    <Project Path="Week2/Prac A/PayrollCalculator.Tests/PayrollCalculator.Tests.csproj" />
    <Project Path="Week2/Prac A/PayrollCalculator/PayrollCalculator.csproj" />
  </Folder>
  <Folder Name="/Week2/Prac B/">
    <Project Path="Week2/Prac B/BankAccount.Tests/BankAccount.Tests.csproj" />
  </Folder>
  <Folder Name="/Week2/Prac B/BankAccount/">
    <Project Path="Week2/Prac B/BankAccount/Prac B.csproj" />
  </Folder>
  <Folder Name="/Week3/" />
  <Folder Name="/Week3/Prac A/">
    <Project Path="Week3/Prac A/BankAccount.Tests/BankAccount.Tests.csproj" />
    <Project Path="Week3/Prac A/BankAccount/BankAccount.csproj" />
  </Folder>
  <Folder Name="/Week3/Prac B/">
    <Project Path="Week3/Prac B/EmployeeApp.Tests/EmployeeApp.Tests.csproj" />
    <Project Path="Week3/Prac B/EmployeeApp/EmployeeApp.csproj" />
  </Folder>
</Solution>
