<Solution>
  <Folder Name="/Prac A/">
    <Project Path="Prac A/IntroTopic/IntroTopic.csproj" />
    <Project Path="Prac A/PayrollCalculator/PayrollCalculator.csproj" />
  </Folder>
  <Folder Name="/Prac B/">
    <Project Path="Prac B/TodoApp.Tests/TodoApp.Tests.csproj" />
    <Project Path="Prac B/TodoApp/TodoApp.csproj" />
  </Folder>
</Solution>
